// !$*UTF8*$!
{
	archiveVersion = 1;
	classes = {
	};
	objectVersion = 46;
	objects = {

/* Begin PBXBuildFile section */
		FF4736BE1D2CDC80007D7F7A /* main.m in Sources */ = {isa = PBXBuildFile; fileRef = FF4736BD1D2CDC80007D7F7A /* main.m */; };
		FF4736C11D2CDC80007D7F7A /* AppDelegate.m in Sources */ = {isa = PBXBuildFile; fileRef = FF4736C01D2CDC80007D7F7A /* AppDelegate.m */; };
		FF4736C41D2CDC80007D7F7A /* ViewController.m in Sources */ = {isa = PBXBuildFile; fileRef = FF4736C31D2CDC80007D7F7A /* ViewController.m */; };
		FF4736C71D2CDC80007D7F7A /* Main.storyboard in Resources */ = {isa = PBXBuildFile; fileRef = FF4736C51D2CDC80007D7F7A /* Main.storyboard */; };
		FF4736CA1D2CDC80007D7F7A /* MSMenuBar.xcdatamodeld in Sources */ = {isa = PBXBuildFile; fileRef = FF4736C81D2CDC80007D7F7A /* MSMenuBar.xcdatamodeld */; };
		FF4736CC1D2CDC80007D7F7A /* Assets.xcassets in Resources */ = {isa = PBXBuildFile; fileRef = FF4736CB1D2CDC80007D7F7A /* Assets.xcassets */; };
		FF4736CF1D2CDC80007D7F7A /* LaunchScreen.storyboard in Resources */ = {isa = PBXBuildFile; fileRef = FF4736CD1D2CDC80007D7F7A /* LaunchScreen.storyboard */; };
		FF4736DD1D2CDCC1007D7F7A /* MSMenuBar.m in Sources */ = {isa = PBXBuildFile; fileRef = FF4736D81D2CDCC1007D7F7A /* MSMenuBar.m */; };
		FF4736DE1D2CDCC1007D7F7A /* msmenuBar_edit@2x.png in Resources */ = {isa = PBXBuildFile; fileRef = FF4736DA1D2CDCC1007D7F7A /* msmenuBar_edit@2x.png */; };
		FF4736DF1D2CDCC1007D7F7A /* msmenuBar_l@2x.png in Resources */ = {isa = PBXBuildFile; fileRef = FF4736DB1D2CDCC1007D7F7A /* msmenuBar_l@2x.png */; };
		FF4736E01D2CDCC1007D7F7A /* msmenuBar_r@2x.png in Resources */ = {isa = PBXBuildFile; fileRef = FF4736DC1D2CDCC1007D7F7A /* msmenuBar_r@2x.png */; };
		FF4736E21D2CDD9F007D7F7A /* MenuTitleJson.json in Resources */ = {isa = PBXBuildFile; fileRef = FF4736E11D2CDD9F007D7F7A /* MenuTitleJson.json */; };
		FF4736E91D2CE02C007D7F7A /* UIViewExt.m in Sources */ = {isa = PBXBuildFile; fileRef = FF4736E81D2CE02C007D7F7A /* UIViewExt.m */; };
/* End PBXBuildFile section */

/* Begin PBXFileReference section */
		FF4736B91D2CDC80007D7F7A /* MSMenuBar.app */ = {isa = PBXFileReference; explicitFileType = wrapper.application; includeInIndex = 0; path = MSMenuBar.app; sourceTree = BUILT_PRODUCTS_DIR; };
		FF4736BD1D2CDC80007D7F7A /* main.m */ = {isa = PBXFileReference; lastKnownFileType = sourcecode.c.objc; path = main.m; sourceTree = "<group>"; };
		FF4736BF1D2CDC80007D7F7A /* AppDelegate.h */ = {isa = PBXFileReference; lastKnownFileType = sourcecode.c.h; path = AppDelegate.h; sourceTree = "<group>"; };
		FF4736C01D2CDC80007D7F7A /* AppDelegate.m */ = {isa = PBXFileReference; lastKnownFileType = sourcecode.c.objc; path = AppDelegate.m; sourceTree = "<group>"; };
		FF4736C21D2CDC80007D7F7A /* ViewController.h */ = {isa = PBXFileReference; lastKnownFileType = sourcecode.c.h; path = ViewController.h; sourceTree = "<group>"; };
		FF4736C31D2CDC80007D7F7A /* ViewController.m */ = {isa = PBXFileReference; lastKnownFileType = sourcecode.c.objc; path = ViewController.m; sourceTree = "<group>"; };
		FF4736C61D2CDC80007D7F7A /* Base */ = {isa = PBXFileReference; lastKnownFileType = file.storyboard; name = Base; path = Base.lproj/Main.storyboard; sourceTree = "<group>"; };
		FF4736C91D2CDC80007D7F7A /* MSMenuBar.xcdatamodel */ = {isa = PBXFileReference; lastKnownFileType = wrapper.xcdatamodel; path = MSMenuBar.xcdatamodel; sourceTree = "<group>"; };
		FF4736CB1D2CDC80007D7F7A /* Assets.xcassets */ = {isa = PBXFileReference; lastKnownFileType = folder.assetcatalog; path = Assets.xcassets; sourceTree = "<group>"; };
		FF4736CE1D2CDC80007D7F7A /* Base */ = {isa = PBXFileReference; lastKnownFileType = file.storyboard; name = Base; path = Base.lproj/LaunchScreen.storyboard; sourceTree = "<group>"; };
		FF4736D01D2CDC80007D7F7A /* Info.plist */ = {isa = PBXFileReference; lastKnownFileType = text.plist.xml; path = Info.plist; sourceTree = "<group>"; };
		FF4736D71D2CDCC1007D7F7A /* MSMenuBar.h */ = {isa = PBXFileReference; fileEncoding = 4; lastKnownFileType = sourcecode.c.h; path = MSMenuBar.h; sourceTree = "<group>"; };
		FF4736D81D2CDCC1007D7F7A /* MSMenuBar.m */ = {isa = PBXFileReference; fileEncoding = 4; lastKnownFileType = sourcecode.c.objc; path = MSMenuBar.m; sourceTree = "<group>"; };
		FF4736DA1D2CDCC1007D7F7A /* msmenuBar_edit@2x.png */ = {isa = PBXFileReference; lastKnownFileType = image.png; path = "msmenuBar_edit@2x.png"; sourceTree = "<group>"; };
		FF4736DB1D2CDCC1007D7F7A /* msmenuBar_l@2x.png */ = {isa = PBXFileReference; lastKnownFileType = image.png; path = "msmenuBar_l@2x.png"; sourceTree = "<group>"; };
		FF4736DC1D2CDCC1007D7F7A /* msmenuBar_r@2x.png */ = {isa = PBXFileReference; lastKnownFileType = image.png; path = "msmenuBar_r@2x.png"; sourceTree = "<group>"; };
		FF4736E11D2CDD9F007D7F7A /* MenuTitleJson.json */ = {isa = PBXFileReference; fileEncoding = 4; lastKnownFileType = text.json; path = MenuTitleJson.json; sourceTree = "<group>"; };
		FF4736E71D2CE02C007D7F7A /* UIViewExt.h */ = {isa = PBXFileReference; fileEncoding = 4; lastKnownFileType = sourcecode.c.h; path = UIViewExt.h; sourceTree = "<group>"; };
		FF4736E81D2CE02C007D7F7A /* UIViewExt.m */ = {isa = PBXFileReference; fileEncoding = 4; lastKnownFileType = sourcecode.c.objc; path = UIViewExt.m; sourceTree = "<group>"; };
/* End PBXFileReference section */

/* Begin PBXFrameworksBuildPhase section */
		FF4736B61D2CDC80007D7F7A /* Frameworks */ = {
			isa = PBXFrameworksBuildPhase;
			buildActionMask = 2147483647;
			files = (
			);
			runOnlyForDeploymentPostprocessing = 0;
		};
/* End PBXFrameworksBuildPhase section */

/* Begin PBXGroup section */
		FF4736B01D2CDC80007D7F7A = {
			isa = PBXGroup;
			children = (
				FF4736BB1D2CDC80007D7F7A /* MSMenuBar */,
				FF4736BA1D2CDC80007D7F7A /* Products */,
			);
			sourceTree = "<group>";
		};
		FF4736BA1D2CDC80007D7F7A /* Products */ = {
			isa = PBXGroup;
			children = (
				FF4736B91D2CDC80007D7F7A /* MSMenuBar.app */,
			);
			name = Products;
			sourceTree = "<group>";
		};
		FF4736BB1D2CDC80007D7F7A /* MSMenuBar */ = {
			isa = PBXGroup;
			children = (
				FF4736BF1D2CDC80007D7F7A /* AppDelegate.h */,
				FF4736C01D2CDC80007D7F7A /* AppDelegate.m */,
				FF4736C21D2CDC80007D7F7A /* ViewController.h */,
				FF4736C31D2CDC80007D7F7A /* ViewController.m */,
				FF4736E11D2CDD9F007D7F7A /* MenuTitleJson.json */,
				FF4736D61D2CDCC1007D7F7A /* MSMenuBar */,
				FF4736C51D2CDC80007D7F7A /* Main.storyboard */,
				FF4736CB1D2CDC80007D7F7A /* Assets.xcassets */,
				FF4736CD1D2CDC80007D7F7A /* LaunchScreen.storyboard */,
				FF4736D01D2CDC80007D7F7A /* Info.plist */,
				FF4736C81D2CDC80007D7F7A /* MSMenuBar.xcdatamodeld */,
				FF4736BC1D2CDC80007D7F7A /* Supporting Files */,
			);
			path = MSMenuBar;
			sourceTree = "<group>";
		};
		FF4736BC1D2CDC80007D7F7A /* Supporting Files */ = {
			isa = PBXGroup;
			children = (
				FF4736BD1D2CDC80007D7F7A /* main.m */,
			);
			name = "Supporting Files";
			sourceTree = "<group>";
		};
		FF4736D61D2CDCC1007D7F7A /* MSMenuBar */ = {
			isa = PBXGroup;
			children = (
				FF4736D71D2CDCC1007D7F7A /* MSMenuBar.h */,
				FF4736D81D2CDCC1007D7F7A /* MSMenuBar.m */,
				FF4736E61D2CE02C007D7F7A /* UIViewExt */,
				FF4736D91D2CDCC1007D7F7A /* msmenubar_images */,
			);
			path = MSMenuBar;
			sourceTree = "<group>";
		};
		FF4736D91D2CDCC1007D7F7A /* msmenubar_images */ = {
			isa = PBXGroup;
			children = (
				FF4736DA1D2CDCC1007D7F7A /* msmenuBar_edit@2x.png */,
				FF4736DB1D2CDCC1007D7F7A /* msmenuBar_l@2x.png */,
				FF4736DC1D2CDCC1007D7F7A /* msmenuBar_r@2x.png */,
			);
			path = msmenubar_images;
			sourceTree = "<group>";
		};
		FF4736E61D2CE02C007D7F7A /* UIViewExt */ = {
			isa = PBXGroup;
			children = (
				FF4736E71D2CE02C007D7F7A /* UIViewExt.h */,
				FF4736E81D2CE02C007D7F7A /* UIViewExt.m */,
			);
			path = UIViewExt;
			sourceTree = "<group>";
		};
/* End PBXGroup section */

/* Begin PBXNativeTarget section */
		FF4736B81D2CDC80007D7F7A /* MSMenuBar */ = {
			isa = PBXNativeTarget;
			buildConfigurationList = FF4736D31D2CDC80007D7F7A /* Build configuration list for PBXNativeTarget "MSMenuBar" */;
			buildPhases = (
				FF4736B51D2CDC80007D7F7A /* Sources */,
				FF4736B61D2CDC80007D7F7A /* Frameworks */,
				FF4736B71D2CDC80007D7F7A /* Resources */,
			);
			buildRules = (
			);
			dependencies = (
			);
			name = MSMenuBar;
			productName = MSMenuBar;
			productReference = FF4736B91D2CDC80007D7F7A /* MSMenuBar.app */;
			productType = "com.apple.product-type.application";
		};
/* End PBXNativeTarget section */

/* Begin PBXProject section */
		FF4736B11D2CDC80007D7F7A /* Project object */ = {
			isa = PBXProject;
			attributes = {
				LastUpgradeCheck = 0730;
				ORGANIZATIONNAME = limingshan;
				TargetAttributes = {
					FF4736B81D2CDC80007D7F7A = {
						CreatedOnToolsVersion = 7.3;
						DevelopmentTeam = Y3S9V9AGYS;
					};
				};
			};
			buildConfigurationList = FF4736B41D2CDC80007D7F7A /* Build configuration list for PBXProject "MSMenuBar" */;
			compatibilityVersion = "Xcode 3.2";
			developmentRegion = English;
			hasScannedForEncodings = 0;
			knownRegions = (
				en,
				Base,
			);
			mainGroup = FF4736B01D2CDC80007D7F7A;
			productRefGroup = FF4736BA1D2CDC80007D7F7A /* Products */;
			projectDirPath = "";
			projectRoot = "";
			targets = (
				FF4736B81D2CDC80007D7F7A /* MSMenuBar */,
			);
		};
/* End PBXProject section */

/* Begin PBXResourcesBuildPhase section */
		FF4736B71D2CDC80007D7F7A /* Resources */ = {
			isa = PBXResourcesBuildPhase;
			buildActionMask = 2147483647;
			files = (
				FF4736CF1D2CDC80007D7F7A /* LaunchScreen.storyboard in Resources */,
				FF4736DE1D2CDCC1007D7F7A /* msmenuBar_edit@2x.png in Resources */,
				FF4736E21D2CDD9F007D7F7A /* MenuTitleJson.json in Resources */,
				FF4736E01D2CDCC1007D7F7A /* msmenuBar_r@2x.png in Resources */,
				FF4736CC1D2CDC80007D7F7A /* Assets.xcassets in Resources */,
				FF4736C71D2CDC80007D7F7A /* Main.storyboard in Resources */,
				FF4736DF1D2CDCC1007D7F7A /* msmenuBar_l@2x.png in Resources */,
			);
			runOnlyForDeploymentPostprocessing = 0;
		};
/* End PBXResourcesBuildPhase section */

/* Begin PBXSourcesBuildPhase section */
		FF4736B51D2CDC80007D7F7A /* Sources */ = {
			isa = PBXSourcesBuildPhase;
			buildActionMask = 2147483647;
			files = (
				FF4736E91D2CE02C007D7F7A /* UIViewExt.m in Sources */,
				FF4736CA1D2CDC80007D7F7A /* MSMenuBar.xcdatamodeld in Sources */,
				FF4736DD1D2CDCC1007D7F7A /* MSMenuBar.m in Sources */,
				FF4736C41D2CDC80007D7F7A /* ViewController.m in Sources */,
				FF4736C11D2CDC80007D7F7A /* AppDelegate.m in Sources */,
				FF4736BE1D2CDC80007D7F7A /* main.m in Sources */,
			);
			runOnlyForDeploymentPostprocessing = 0;
		};
/* End PBXSourcesBuildPhase section */

/* Begin PBXVariantGroup section */
		FF4736C51D2CDC80007D7F7A /* Main.storyboard */ = {
			isa = PBXVariantGroup;
			children = (
				FF4736C61D2CDC80007D7F7A /* Base */,
			);
			name = Main.storyboard;
			sourceTree = "<group>";
		};
		FF4736CD1D2CDC80007D7F7A /* LaunchScreen.storyboard */ = {
			isa = PBXVariantGroup;
			children = (
				FF4736CE1D2CDC80007D7F7A /* Base */,
			);
			name = LaunchScreen.storyboard;
			sourceTree = "<group>";
		};
/* End PBXVariantGroup section */

/* Begin XCBuildConfiguration section */
		FF4736D11D2CDC80007D7F7A /* Debug */ = {
			isa = XCBuildConfiguration;
			buildSettings = {
				ALWAYS_SEARCH_USER_PATHS = NO;
				CLANG_ANALYZER_NONNULL = YES;
				CLANG_CXX_LANGUAGE_STANDARD = "gnu++0x";
				CLANG_CXX_LIBRARY = "libc++";
				CLANG_ENABLE_MODULES = YES;
				CLANG_ENABLE_OBJC_ARC = YES;
				CLANG_WARN_BOOL_CONVERSION = YES;
				CLANG_WARN_CONSTANT_CONVERSION = YES;
				CLANG_WARN_DIRECT_OBJC_ISA_USAGE = YES_ERROR;
				CLANG_WARN_EMPTY_BODY = YES;
				CLANG_WARN_ENUM_CONVERSION = YES;
				CLANG_WARN_INT_CONVERSION = YES;
				CLANG_WARN_OBJC_ROOT_CLASS = YES_ERROR;
				CLANG_WARN_UNREACHABLE_CODE = YES;
				CLANG_WARN__DUPLICATE_METHOD_MATCH = YES;
				"CODE_SIGN_IDENTITY[sdk=iphoneos*]" = "iPhone Developer";
				COPY_PHASE_STRIP = NO;
				DEBUG_INFORMATION_FORMAT = dwarf;
				ENABLE_STRICT_OBJC_MSGSEND = YES;
				ENABLE_TESTABILITY = YES;
				GCC_C_LANGUAGE_STANDARD = gnu99;
				GCC_DYNAMIC_NO_PIC = NO;
				GCC_NO_COMMON_BLOCKS = YES;
				GCC_OPTIMIZATION_LEVEL = 0;
				GCC_PREPROCESSOR_DEFINITIONS = (
					"DEBUG=1",
					"$(inherited)",
				);
				GCC_WARN_64_TO_32_BIT_CONVERSION = YES;
				GCC_WARN_ABOUT_RETURN_TYPE = YES_ERROR;
				GCC_WARN_UNDECLARED_SELECTOR = YES;
				GCC_WARN_UNINITIALIZED_AUTOS = YES_AGGRESSIVE;
				GCC_WARN_UNUSED_FUNCTION = YES;
				GCC_WARN_UNUSED_VARIABLE = YES;
				IPHONEOS_DEPLOYMENT_TARGET = 9.3;
				MTL_ENABLE_DEBUG_INFO = YES;
				ONLY_ACTIVE_ARCH = YES;
				SDKROOT = iphoneos;
				TARGETED_DEVICE_FAMILY = "1,2";
			};
			name = Debug;
		};
		FF4736D21D2CDC80007D7F7A /* Release */ = {
			isa = XCBuildConfiguration;
			buildSettings = {
				ALWAYS_SEARCH_USER_PATHS = NO;
				CLANG_ANALYZER_NONNULL = YES;
				CLANG_CXX_LANGUAGE_STANDARD = "gnu++0x";
				CLANG_CXX_LIBRARY = "libc++";
				CLANG_ENABLE_MODULES = YES;
				CLANG_ENABLE_OBJC_ARC = YES;
				CLANG_WARN_BOOL_CONVERSION = YES;
				CLANG_WARN_CONSTANT_CONVERSION = YES;
				CLANG_WARN_DIRECT_OBJC_ISA_USAGE = YES_ERROR;
				CLANG_WARN_EMPTY_BODY = YES;
				CLANG_WARN_ENUM_CONVERSION = YES;
				CLANG_WARN_INT_CONVERSION = YES;
				CLANG_WARN_OBJC_ROOT_CLASS = YES_ERROR;
				CLANG_WARN_UNREACHABLE_CODE = YES;
				CLANG_WARN__DUPLICATE_METHOD_MATCH = YES;
				"CODE_SIGN_IDENTITY[sdk=iphoneos*]" = "iPhone Developer";
				COPY_PHASE_STRIP = NO;
				DEBUG_INFORMATION_FORMAT = "dwarf-with-dsym";
				ENABLE_NS_ASSERTIONS = NO;
				ENABLE_STRICT_OBJC_MSGSEND = YES;
				GCC_C_LANGUAGE_STANDARD = gnu99;
				GCC_NO_COMMON_BLOCKS = YES;
				GCC_WARN_64_TO_32_BIT_CONVERSION = YES;
				GCC_WARN_ABOUT_RETURN_TYPE = YES_ERROR;
				GCC_WARN_UNDECLARED_SELECTOR = YES;
				GCC_WARN_UNINITIALIZED_AUTOS = YES_AGGRESSIVE;
				GCC_WARN_UNUSED_FUNCTION = YES;
				GCC_WARN_UNUSED_VARIABLE = YES;
				IPHONEOS_DEPLOYMENT_TARGET = 9.3;
				MTL_ENABLE_DEBUG_INFO = NO;
				SDKROOT = iphoneos;
				TARGETED_DEVICE_FAMILY = "1,2";
				VALIDATE_PRODUCT = YES;
			};
			name = Release;
		};
		FF4736D41D2CDC80007D7F7A /* Debug */ = {
			isa = XCBuildConfiguration;
			buildSettings = {
				ASSETCATALOG_COMPILER_APPICON_NAME = AppIcon;
				INFOPLIST_FILE = MSMenuBar/Info.plist;
				LD_RUNPATH_SEARCH_PATHS = "$(inherited) @executable_path/Frameworks";
				PRODUCT_BUNDLE_IDENTIFIER = limingshan.com.MSMenuBar;
				PRODUCT_NAME = "$(TARGET_NAME)";
			};
			name = Debug;
		};
		FF4736D51D2CDC80007D7F7A /* Release */ = {
			isa = XCBuildConfiguration;
			buildSettings = {
				ASSETCATALOG_COMPILER_APPICON_NAME = AppIcon;
				INFOPLIST_FILE = MSMenuBar/Info.plist;
				LD_RUNPATH_SEARCH_PATHS = "$(inherited) @executable_path/Frameworks";
				PRODUCT_BUNDLE_IDENTIFIER = limingshan.com.MSMenuBar;
				PRODUCT_NAME = "$(TARGET_NAME)";
			};
			name = Release;
		};
/* End XCBuildConfiguration section */

/* Begin XCConfigurationList section */
		FF4736B41D2CDC80007D7F7A /* Build configuration list for PBXProject "MSMenuBar" */ = {
			isa = XCConfigurationList;
			buildConfigurations = (
				FF4736D11D2CDC80007D7F7A /* Debug */,
				FF4736D21D2CDC80007D7F7A /* Release */,
			);
			defaultConfigurationIsVisible = 0;
			defaultConfigurationName = Release;
		};
		FF4736D31D2CDC80007D7F7A /* Build configuration list for PBXNativeTarget "MSMenuBar" */ = {
			isa = XCConfigurationList;
			buildConfigurations = (
				FF4736D41D2CDC80007D7F7A /* Debug */,
				FF4736D51D2CDC80007D7F7A /* Release */,
			);
			defaultConfigurationIsVisible = 0;
		};
/* End XCConfigurationList section */

/* Begin XCVersionGroup section */
		FF4736C81D2CDC80007D7F7A /* MSMenuBar.xcdatamodeld */ = {
			isa = XCVersionGroup;
			children = (
				FF4736C91D2CDC80007D7F7A /* MSMenuBar.xcdatamodel */,
			);
			currentVersion = FF4736C91D2CDC80007D7F7A /* MSMenuBar.xcdatamodel */;
			path = MSMenuBar.xcdatamodeld;
			sourceTree = "<group>";
			versionGroupType = wrapper.xcdatamodel;
		};
/* End XCVersionGroup section */
	};
	rootObject = FF4736B11D2CDC80007D7F7A /* Project object */;
}
